
Microsoft Visual Studio Solution File, Format Version 12.00
# Visual Studio Version 17
VisualStudioVersion = 17.13.35825.156 d17.13
MinimumVisualStudioVersion = 10.0.40219.1
Project("{8BC9CEB8-8B4A-11D0-8D11-00A0C91BC942}") = "MidtermTest", "MidtermTest.vcxproj", "{5FB03F28-C58E-4A3E-9585-36BF261897BF}"
EndProject
Global
	GlobalSection(SolutionConfigurationPlatforms) = preSolution
		Debug|x64 = Debug|x64
		Debug|x86 = Debug|x86
		Release|x64 = Release|x64
		Release|x86 = Release|x86
	EndGlobalSection
	GlobalSection(ProjectConfigurationPlatforms) = postSolution
		{5FB03F28-C58E-4A3E-9585-36BF261897BF}.Debug|x64.ActiveCfg = Debug|x64
		{5FB03F28-C58E-4A3E-9585-36BF261897BF}.Debug|x64.Build.0 = Debug|x64
		{5FB03F28-C58E-4A3E-9585-36BF261897BF}.Debug|x86.ActiveCfg = Debug|Win32
		{5FB03F28-C58E-4A3E-9585-36BF261897BF}.Debug|x86.Build.0 = Debug|Win32
		{5FB03F28-C58E-4A3E-9585-36BF261897BF}.Release|x64.ActiveCfg = Release|x64
		{5FB03F28-C58E-4A3E-9585-36BF261897BF}.Release|x64.Build.0 = Release|x64
		{5FB03F28-C58E-4A3E-9585-36BF261897BF}.Release|x86.ActiveCfg = Release|Win32
		{5FB03F28-C58E-4A3E-9585-36BF261897BF}.Release|x86.Build.0 = Release|Win32
	EndGlobalSection
	GlobalSection(SolutionProperties) = preSolution
		HideSolutionNode = FALSE
	EndGlobalSection
	GlobalSection(ExtensibilityGlobals) = postSolution
		SolutionGuid = {AFE332B8-1935-477C-9C1D-948A87E226B5}
	EndGlobalSection
EndGlobal
